Microsoft Visual Studio Solution File, Format Version 12.00
# Visual Studio Version 17
VisualStudioVersion = 17.5.2.0
MinimumVisualStudioVersion = 10.0.40219.1
Project("{FAE04EC0-301F-11D3-BF4B-00C04F79EFBC}") = "xBIMProject", "xBIMProject.csproj", "{B434C35F-1516-C347-4BF2-32CF38A1C485}"
EndProject
Global
	GlobalSection(SolutionConfigurationPlatforms) = preSolution
		Debug|Any CPU = Debug|Any CPU
		Release|Any CPU = Release|Any CPU
	EndGlobalSection
	GlobalSection(ProjectConfigurationPlatforms) = postSolution
		{B434C35F-1516-C347-4BF2-32CF38A1C485}.Debug|Any CPU.ActiveCfg = Debug|Any CPU
		{B434C35F-1516-C347-4BF2-32CF38A1C485}.Debug|Any CPU.Build.0 = Debug|Any CPU
		{B434C35F-1516-C347-4BF2-32CF38A1C485}.Release|Any CPU.ActiveCfg = Release|Any CPU
		{B434C35F-1516-C347-4BF2-32CF38A1C485}.Release|Any CPU.Build.0 = Release|Any CPU
	EndGlobalSection
	GlobalSection(SolutionProperties) = preSolution
		HideSolutionNode = FALSE
	EndGlobalSection
	GlobalSection(ExtensibilityGlobals) = postSolution
		SolutionGuid = {C9F93C43-D702-44B5-B212-9DAA4659A2B1}
	EndGlobalSection
EndGlobal
